
Microsoft Visual Studio Solution File, Format Version 12.00
# Visual Studio Version 16
VisualStudioVersion = 16.0.30804.86
MinimumVisualStudioVersion = 10.0.40219.1
Project("{9A19103F-16F7-4668-BE54-9A1E7A4F7556}") = "App", "App\App\App.csproj", "{71789A0C-B4A3-4832-B498-D1642F95396C}"
EndProject
Project("{FAE04EC0-301F-11D3-BF4B-00C04F79EFBC}") = "App.Android", "App\App.Android\App.Android.csproj", "{44FBDDFA-A11D-4169-877C-F66EB5EECC6F}"
EndProject
Project("{FAE04EC0-301F-11D3-BF4B-00C04F79EFBC}") = "App.iOS", "App\App.iOS\App.iOS.csproj", "{A0A243B4-06AD-4804-8C42-7DDA83E767CF}"
EndProject
Project("{FAE04EC0-301F-11D3-BF4B-00C04F79EFBC}") = "NUnitAppTest", "NUnitAppTest\NUnitAppTest.csproj", "{14F2E624-5F94-4ED8-A6B1-F403C6B5B690}"
EndProject
Global
	GlobalSection(SolutionConfigurationPlatforms) = preSolution
		Ad-Hoc|Any CPU = Ad-Hoc|Any CPU
		Ad-Hoc|iPhone = Ad-Hoc|iPhone
		Ad-Hoc|iPhoneSimulator = Ad-Hoc|iPhoneSimulator
		AppStore|Any CPU = AppStore|Any CPU
		AppStore|iPhone = AppStore|iPhone
		AppStore|iPhoneSimulator = AppStore|iPhoneSimulator
		Debug|Any CPU = Debug|Any CPU
		Debug|iPhone = Debug|iPhone
		Debug|iPhoneSimulator = Debug|iPhoneSimulator
		Release|Any CPU = Release|Any CPU
		Release|iPhone = Release|iPhone
		Release|iPhoneSimulator = Release|iPhoneSimulator
	EndGlobalSection
	GlobalSection(ProjectConfigurationPlatforms) = postSolution
		{71789A0C-B4A3-4832-B498-D1642F95396C}.Ad-Hoc|Any CPU.ActiveCfg = Debug|Any CPU
		{71789A0C-B4A3-4832-B498-D1642F95396C}.Ad-Hoc|Any CPU.Build.0 = Debug|Any CPU
		{71789A0C-B4A3-4832-B498-D1642F95396C}.Ad-Hoc|iPhone.ActiveCfg = Debug|Any CPU
		{71789A0C-B4A3-4832-B498-D1642F95396C}.Ad-Hoc|iPhone.Build.0 = Debug|Any CPU
		{71789A0C-B4A3-4832-B498-D1642F95396C}.Ad-Hoc|iPhoneSimulator.ActiveCfg = Debug|Any CPU
		{71789A0C-B4A3-4832-B498-D1642F95396C}.Ad-Hoc|iPhoneSimulator.Build.0 = Debug|Any CPU
		{71789A0C-B4A3-4832-B498-D1642F95396C}.AppStore|Any CPU.ActiveCfg = Debug|Any CPU
		{71789A0C-B4A3-4832-B498-D1642F95396C}.AppStore|Any CPU.Build.0 = Debug|Any CPU
		{71789A0C-B4A3-4832-B498-D1642F95396C}.AppStore|iPhone.ActiveCfg = Debug|Any CPU
		{71789A0C-B4A3-4832-B498-D1642F95396C}.AppStore|iPhone.Build.0 = Debug|Any CPU
		{71789A0C-B4A3-4832-B498-D1642F95396C}.AppStore|iPhoneSimulator.ActiveCfg = Debug|Any CPU
		{71789A0C-B4A3-4832-B498-D1642F95396C}.AppStore|iPhoneSimulator.Build.0 = Debug|Any CPU
		{71789A0C-B4A3-4832-B498-D1642F95396C}.Debug|Any CPU.ActiveCfg = Debug|Any CPU
		{71789A0C-B4A3-4832-B498-D1642F95396C}.Debug|Any CPU.Build.0 = Debug|Any CPU
		{71789A0C-B4A3-4832-B498-D1642F95396C}.Debug|iPhone.ActiveCfg = Debug|Any CPU
		{71789A0C-B4A3-4832-B498-D1642F95396C}.Debug|iPhone.Build.0 = Debug|Any CPU
		{71789A0C-B4A3-4832-B498-D1642F95396C}.Debug|iPhoneSimulator.ActiveCfg = Debug|Any CPU
		{71789A0C-B4A3-4832-B498-D1642F95396C}.Debug|iPhoneSimulator.Build.0 = Debug|Any CPU
		{71789A0C-B4A3-4832-B498-D1642F95396C}.Release|Any CPU.ActiveCfg = Release|Any CPU
		{71789A0C-B4A3-4832-B498-D1642F95396C}.Release|Any CPU.Build.0 = Release|Any CPU
		{71789A0C-B4A3-4832-B498-D1642F95396C}.Release|iPhone.ActiveCfg = Release|Any CPU
		{71789A0C-B4A3-4832-B498-D1642F95396C}.Release|iPhone.Build.0 = Release|Any CPU
		{71789A0C-B4A3-4832-B498-D1642F95396C}.Release|iPhoneSimulator.ActiveCfg = Release|Any CPU
		{71789A0C-B4A3-4832-B498-D1642F95396C}.Release|iPhoneSimulator.Build.0 = Release|Any CPU
		{44FBDDFA-A11D-4169-877C-F66EB5EECC6F}.Ad-Hoc|Any CPU.ActiveCfg = Debug|Any CPU
		{44FBDDFA-A11D-4169-877C-F66EB5EECC6F}.Ad-Hoc|Any CPU.Build.0 = Debug|Any CPU
		{44FBDDFA-A11D-4169-877C-F66EB5EECC6F}.Ad-Hoc|Any CPU.Deploy.0 = Debug|Any CPU
		{44FBDDFA-A11D-4169-877C-F66EB5EECC6F}.Ad-Hoc|iPhone.ActiveCfg = Debug|Any CPU
		{44FBDDFA-A11D-4169-877C-F66EB5EECC6F}.Ad-Hoc|iPhone.Build.0 = Debug|Any CPU
		{44FBDDFA-A11D-4169-877C-F66EB5EECC6F}.Ad-Hoc|iPhone.Deploy.0 = Debug|Any CPU
		{44FBDDFA-A11D-4169-877C-F66EB5EECC6F}.Ad-Hoc|iPhoneSimulator.ActiveCfg = Debug|Any CPU
		{44FBDDFA-A11D-4169-877C-F66EB5EECC6F}.Ad-Hoc|iPhoneSimulator.Build.0 = Debug|Any CPU
		{44FBDDFA-A11D-4169-877C-F66EB5EECC6F}.Ad-Hoc|iPhoneSimulator.Deploy.0 = Debug|Any CPU
		{44FBDDFA-A11D-4169-877C-F66EB5EECC6F}.AppStore|Any CPU.ActiveCfg = Debug|Any CPU
		{44FBDDFA-A11D-4169-877C-F66EB5EECC6F}.AppStore|Any CPU.Build.0 = Debug|Any CPU
		{44FBDDFA-A11D-4169-877C-F66EB5EECC6F}.AppStore|Any CPU.Deploy.0 = Debug|Any CPU
		{44FBDDFA-A11D-4169-877C-F66EB5EECC6F}.AppStore|iPhone.ActiveCfg = Debug|Any CPU
		{44FBDDFA-A11D-4169-877C-F66EB5EECC6F}.AppStore|iPhone.Build.0 = Debug|Any CPU
		{44FBDDFA-A11D-4169-877C-F66EB5EECC6F}.AppStore|iPhone.Deploy.0 = Debug|Any CPU
		{44FBDDFA-A11D-4169-877C-F66EB5EECC6F}.AppStore|iPhoneSimulator.ActiveCfg = Debug|Any CPU
		{44FBDDFA-A11D-4169-877C-F66EB5EECC6F}.AppStore|iPhoneSimulator.Build.0 = Debug|Any CPU
		{44FBDDFA-A11D-4169-877C-F66EB5EECC6F}.AppStore|iPhoneSimulator.Deploy.0 = Debug|Any CPU
		{44FBDDFA-A11D-4169-877C-F66EB5EECC6F}.Debug|Any CPU.ActiveCfg = Debug|Any CPU
		{44FBDDFA-A11D-4169-877C-F66EB5EECC6F}.Debug|Any CPU.Build.0 = Debug|Any CPU
		{44FBDDFA-A11D-4169-877C-F66EB5EECC6F}.Debug|Any CPU.Deploy.0 = Debug|Any CPU
		{44FBDDFA-A11D-4169-877C-F66EB5EECC6F}.Debug|iPhone.ActiveCfg = Debug|Any CPU
		{44FBDDFA-A11D-4169-877C-F66EB5EECC6F}.Debug|iPhone.Build.0 = Debug|Any CPU
		{44FBDDFA-A11D-4169-877C-F66EB5EECC6F}.Debug|iPhone.Deploy.0 = Debug|Any CPU
		{44FBDDFA-A11D-4169-877C-F66EB5EECC6F}.Debug|iPhoneSimulator.ActiveCfg = Debug|Any CPU
		{44FBDDFA-A11D-4169-877C-F66EB5EECC6F}.Debug|iPhoneSimulator.Build.0 = Debug|Any CPU
		{44FBDDFA-A11D-4169-877C-F66EB5EECC6F}.Debug|iPhoneSimulator.Deploy.0 = Debug|Any CPU
		{44FBDDFA-A11D-4169-877C-F66EB5EECC6F}.Release|Any CPU.ActiveCfg = Release|Any CPU
		{44FBDDFA-A11D-4169-877C-F66EB5EECC6F}.Release|Any CPU.Build.0 = Release|Any CPU
		{44FBDDFA-A11D-4169-877C-F66EB5EECC6F}.Release|Any CPU.Deploy.0 = Release|Any CPU
		{44FBDDFA-A11D-4169-877C-F66EB5EECC6F}.Release|iPhone.ActiveCfg = Release|Any CPU
		{44FBDDFA-A11D-4169-877C-F66EB5EECC6F}.Release|iPhone.Build.0 = Release|Any CPU
		{44FBDDFA-A11D-4169-877C-F66EB5EECC6F}.Release|iPhone.Deploy.0 = Release|Any CPU
		{44FBDDFA-A11D-4169-877C-F66EB5EECC6F}.Release|iPhoneSimulator.ActiveCfg = Release|Any CPU
		{44FBDDFA-A11D-4169-877C-F66EB5EECC6F}.Release|iPhoneSimulator.Build.0 = Release|Any CPU
		{44FBDDFA-A11D-4169-877C-F66EB5EECC6F}.Release|iPhoneSimulator.Deploy.0 = Release|Any CPU
		{A0A243B4-06AD-4804-8C42-7DDA83E767CF}.Ad-Hoc|Any CPU.ActiveCfg = Ad-Hoc|iPhoneSimulator
		{A0A243B4-06AD-4804-8C42-7DDA83E767CF}.Ad-Hoc|iPhone.ActiveCfg = Ad-Hoc|iPhone
		{A0A243B4-06AD-4804-8C42-7DDA83E767CF}.Ad-Hoc|iPhone.Build.0 = Ad-Hoc|iPhone
		{A0A243B4-06AD-4804-8C42-7DDA83E767CF}.Ad-Hoc|iPhoneSimulator.ActiveCfg = Ad-Hoc|iPhoneSimulator
		{A0A243B4-06AD-4804-8C42-7DDA83E767CF}.Ad-Hoc|iPhoneSimulator.Build.0 = Ad-Hoc|iPhoneSimulator
		{A0A243B4-06AD-4804-8C42-7DDA83E767CF}.AppStore|Any CPU.ActiveCfg = AppStore|iPhoneSimulator
		{A0A243B4-06AD-4804-8C42-7DDA83E767CF}.AppStore|iPhone.ActiveCfg = AppStore|iPhone
		{A0A243B4-06AD-4804-8C42-7DDA83E767CF}.AppStore|iPhone.Build.0 = AppStore|iPhone
		{A0A243B4-06AD-4804-8C42-7DDA83E767CF}.AppStore|iPhoneSimulator.ActiveCfg = AppStore|iPhoneSimulator
		{A0A243B4-06AD-4804-8C42-7DDA83E767CF}.AppStore|iPhoneSimulator.Build.0 = AppStore|iPhoneSimulator
		{A0A243B4-06AD-4804-8C42-7DDA83E767CF}.Debug|Any CPU.ActiveCfg = Debug|iPhoneSimulator
		{A0A243B4-06AD-4804-8C42-7DDA83E767CF}.Debug|iPhone.ActiveCfg = Debug|iPhone
		{A0A243B4-06AD-4804-8C42-7DDA83E767CF}.Debug|iPhone.Build.0 = Debug|iPhone
		{A0A243B4-06AD-4804-8C42-7DDA83E767CF}.Debug|iPhoneSimulator.ActiveCfg = Debug|iPhoneSimulator
		{A0A243B4-06AD-4804-8C42-7DDA83E767CF}.Debug|iPhoneSimulator.Build.0 = Debug|iPhoneSimulator
		{A0A243B4-06AD-4804-8C42-7DDA83E767CF}.Release|Any CPU.ActiveCfg = Release|iPhoneSimulator
		{A0A243B4-06AD-4804-8C42-7DDA83E767CF}.Release|iPhone.ActiveCfg = Release|iPhone
		{A0A243B4-06AD-4804-8C42-7DDA83E767CF}.Release|iPhone.Build.0 = Release|iPhone
		{A0A243B4-06AD-4804-8C42-7DDA83E767CF}.Release|iPhoneSimulator.ActiveCfg = Release|iPhoneSimulator
		{A0A243B4-06AD-4804-8C42-7DDA83E767CF}.Release|iPhoneSimulator.Build.0 = Release|iPhoneSimulator
		{14F2E624-5F94-4ED8-A6B1-F403C6B5B690}.Ad-Hoc|Any CPU.ActiveCfg = Debug|Any CPU
		{14F2E624-5F94-4ED8-A6B1-F403C6B5B690}.Ad-Hoc|Any CPU.Build.0 = Debug|Any CPU
		{14F2E624-5F94-4ED8-A6B1-F403C6B5B690}.Ad-Hoc|iPhone.ActiveCfg = Debug|Any CPU
		{14F2E624-5F94-4ED8-A6B1-F403C6B5B690}.Ad-Hoc|iPhone.Build.0 = Debug|Any CPU
		{14F2E624-5F94-4ED8-A6B1-F403C6B5B690}.Ad-Hoc|iPhoneSimulator.ActiveCfg = Debug|Any CPU
		{14F2E624-5F94-4ED8-A6B1-F403C6B5B690}.Ad-Hoc|iPhoneSimulator.Build.0 = Debug|Any CPU
		{14F2E624-5F94-4ED8-A6B1-F403C6B5B690}.AppStore|Any CPU.ActiveCfg = Debug|Any CPU
		{14F2E624-5F94-4ED8-A6B1-F403C6B5B690}.AppStore|Any CPU.Build.0 = Debug|Any CPU
		{14F2E624-5F94-4ED8-A6B1-F403C6B5B690}.AppStore|iPhone.ActiveCfg = Debug|Any CPU
		{14F2E624-5F94-4ED8-A6B1-F403C6B5B690}.AppStore|iPhone.Build.0 = Debug|Any CPU
		{14F2E624-5F94-4ED8-A6B1-F403C6B5B690}.AppStore|iPhoneSimulator.ActiveCfg = Debug|Any CPU
		{14F2E624-5F94-4ED8-A6B1-F403C6B5B690}.AppStore|iPhoneSimulator.Build.0 = Debug|Any CPU
		{14F2E624-5F94-4ED8-A6B1-F403C6B5B690}.Debug|Any CPU.ActiveCfg = Debug|Any CPU
		{14F2E624-5F94-4ED8-A6B1-F403C6B5B690}.Debug|Any CPU.Build.0 = Debug|Any CPU
		{14F2E624-5F94-4ED8-A6B1-F403C6B5B690}.Debug|iPhone.ActiveCfg = Debug|Any CPU
		{14F2E624-5F94-4ED8-A6B1-F403C6B5B690}.Debug|iPhone.Build.0 = Debug|Any CPU
		{14F2E624-5F94-4ED8-A6B1-F403C6B5B690}.Debug|iPhoneSimulator.ActiveCfg = Debug|Any CPU
		{14F2E624-5F94-4ED8-A6B1-F403C6B5B690}.Debug|iPhoneSimulator.Build.0 = Debug|Any CPU
		{14F2E624-5F94-4ED8-A6B1-F403C6B5B690}.Release|Any CPU.ActiveCfg = Release|Any CPU
		{14F2E624-5F94-4ED8-A6B1-F403C6B5B690}.Release|Any CPU.Build.0 = Release|Any CPU
		{14F2E624-5F94-4ED8-A6B1-F403C6B5B690}.Release|iPhone.ActiveCfg = Release|Any CPU
		{14F2E624-5F94-4ED8-A6B1-F403C6B5B690}.Release|iPhone.Build.0 = Release|Any CPU
		{14F2E624-5F94-4ED8-A6B1-F403C6B5B690}.Release|iPhoneSimulator.ActiveCfg = Release|Any CPU
		{14F2E624-5F94-4ED8-A6B1-F403C6B5B690}.Release|iPhoneSimulator.Build.0 = Release|Any CPU
	EndGlobalSection
	GlobalSection(SolutionProperties) = preSolution
		HideSolutionNode = FALSE
	EndGlobalSection
	GlobalSection(ExtensibilityGlobals) = postSolution
		SolutionGuid = {D8F66600-B175-4D5E-85AF-C66ADD97C34B}
	EndGlobalSection
EndGlobal
